
Microsoft Visual Studio Solution File, Format Version 12.00
# Visual Studio Version 16
VisualStudioVersion = 16.0.32126.315
MinimumVisualStudioVersion = 10.0.40219.1
Project("{FAE04EC0-301F-11D3-BF4B-00C04F79EFBC}") = "StageEditor", "StageEditor.csproj", "{CC1EE5BD-269C-422B-911E-C48C416253BD}"
EndProject
Global
	GlobalSection(SolutionConfigurationPlatforms) = preSolution
		Debug|Any CPU = Debug|Any CPU
		Release|Any CPU = Release|Any CPU
	EndGlobalSection
	GlobalSection(ProjectConfigurationPlatforms) = postSolution
		{CC1EE5BD-269C-422B-911E-C48C416253BD}.Debug|Any CPU.ActiveCfg = Debug|Any CPU
		{CC1EE5BD-269C-422B-911E-C48C416253BD}.Debug|Any CPU.Build.0 = Debug|Any CPU
		{CC1EE5BD-269C-422B-911E-C48C416253BD}.Release|Any CPU.ActiveCfg = Release|Any CPU
		{CC1EE5BD-269C-422B-911E-C48C416253BD}.Release|Any CPU.Build.0 = Release|Any CPU
	EndGlobalSection
	GlobalSection(SolutionProperties) = preSolution
		HideSolutionNode = FALSE
	EndGlobalSection
	GlobalSection(ExtensibilityGlobals) = postSolution
		SolutionGuid = {8D8CC470-C6CC-4DC0-AC05-F833FC40D7A3}
	EndGlobalSection
EndGlobal
